
Microsoft Visual Studio Solution File, Format Version 12.00
# Visual Studio Version 17
VisualStudioVersion = 17.11.35222.181
MinimumVisualStudioVersion = 10.0.40219.1
Project("{FAE04EC0-301F-11D3-BF4B-00C04F79EFBC}") = "ajknjkvf", "ajknjkvf\ajknjkvf.csproj", "{DA4D090B-2B60-4371-A544-62F99B52FED6}"
EndProject
Global
	GlobalSection(SolutionConfigurationPlatforms) = preSolution
		Debug|Any CPU = Debug|Any CPU
		Release|Any CPU = Release|Any CPU
	EndGlobalSection
	GlobalSection(ProjectConfigurationPlatforms) = postSolution
		{DA4D090B-2B60-4371-A544-62F99B52FED6}.Debug|Any CPU.ActiveCfg = Debug|Any CPU
		{DA4D090B-2B60-4371-A544-62F99B52FED6}.Debug|Any CPU.Build.0 = Debug|Any CPU
		{DA4D090B-2B60-4371-A544-62F99B52FED6}.Release|Any CPU.ActiveCfg = Release|Any CPU
		{DA4D090B-2B60-4371-A544-62F99B52FED6}.Release|Any CPU.Build.0 = Release|Any CPU
	EndGlobalSection
	GlobalSection(SolutionProperties) = preSolution
		HideSolutionNode = FALSE
	EndGlobalSection
	GlobalSection(ExtensibilityGlobals) = postSolution
		SolutionGuid = {AEACAB8C-AA5F-4859-BCC7-2590BEB21C50}
	EndGlobalSection
EndGlobal
